
Microsoft Visual Studio Solution File, Format Version 12.00
# Visual Studio Version 17
VisualStudioVersion = 17.0.31903.59
MinimumVisualStudioVersion = 10.0.40219.1
Project("{FAE04EC0-301F-11D3-BF4B-00C04F79EFBC}") = "WM  Notapad", "WM  Notapad\WM  Notapad.csproj", "{11046D1B-4F64-4036-A452-71FB36593391}"
EndProject
Global
	GlobalSection(SolutionConfigurationPlatforms) = preSolution
		Debug|Any CPU = Debug|Any CPU
		Release|Any CPU = Release|Any CPU
	EndGlobalSection
	GlobalSection(ProjectConfigurationPlatforms) = postSolution
		{11046D1B-4F64-4036-A452-71FB36593391}.Debug|Any CPU.ActiveCfg = Debug|Any CPU
		{11046D1B-4F64-4036-A452-71FB36593391}.Debug|Any CPU.Build.0 = Debug|Any CPU
		{11046D1B-4F64-4036-A452-71FB36593391}.Release|Any CPU.ActiveCfg = Release|Any CPU
		{11046D1B-4F64-4036-A452-71FB36593391}.Release|Any CPU.Build.0 = Release|Any CPU
	EndGlobalSection
	GlobalSection(SolutionProperties) = preSolution
		HideSolutionNode = FALSE
	EndGlobalSection
	GlobalSection(ExtensibilityGlobals) = postSolution
		SolutionGuid = {99BA102E-1D9A-473C-B059-F968C578CF7B}
	EndGlobalSection
EndGlobal
